
Microsoft Visual Studio Solution File, Format Version 12.00
# Visual Studio Version 16
VisualStudioVersion = 16.0.29806.167
MinimumVisualStudioVersion = 10.0.40219.1
Project("{FAE04EC0-301F-11D3-BF4B-00C04F79EFBC}") = "LinkedListPractise", "LinkedListPractise\LinkedListPractise.csproj", "{8864E336-F4CD-4A5D-943E-AFF42D096611}"
EndProject
Global
	GlobalSection(SolutionConfigurationPlatforms) = preSolution
		Debug|Any CPU = Debug|Any CPU
		Release|Any CPU = Release|Any CPU
	EndGlobalSection
	GlobalSection(ProjectConfigurationPlatforms) = postSolution
		{8864E336-F4CD-4A5D-943E-AFF42D096611}.Debug|Any CPU.ActiveCfg = Debug|Any CPU
		{8864E336-F4CD-4A5D-943E-AFF42D096611}.Debug|Any CPU.Build.0 = Debug|Any CPU
		{8864E336-F4CD-4A5D-943E-AFF42D096611}.Release|Any CPU.ActiveCfg = Release|Any CPU
		{8864E336-F4CD-4A5D-943E-AFF42D096611}.Release|Any CPU.Build.0 = Release|Any CPU
	EndGlobalSection
	GlobalSection(SolutionProperties) = preSolution
		HideSolutionNode = FALSE
	EndGlobalSection
	GlobalSection(ExtensibilityGlobals) = postSolution
		SolutionGuid = {153E4A53-9ACA-4A02-8D8E-13790D930DE8}
	EndGlobalSection
EndGlobal
